
Microsoft Visual Studio Solution File, Format Version 12.00
# Visual Studio Version 16
VisualStudioVersion = 16.0.28803.452
MinimumVisualStudioVersion = 10.0.40219.1
Project("{FAE04EC0-301F-11D3-BF4B-00C04F79EFBC}") = "4 home work", "4 home work\4 home work.csproj", "{11E7C753-4D47-4606-BDBC-8E712BA41108}"
EndProject
Global
	GlobalSection(SolutionConfigurationPlatforms) = preSolution
		Debug|Any CPU = Debug|Any CPU
		Release|Any CPU = Release|Any CPU
	EndGlobalSection
	GlobalSection(ProjectConfigurationPlatforms) = postSolution
		{11E7C753-4D47-4606-BDBC-8E712BA41108}.Debug|Any CPU.ActiveCfg = Debug|Any CPU
		{11E7C753-4D47-4606-BDBC-8E712BA41108}.Debug|Any CPU.Build.0 = Debug|Any CPU
		{11E7C753-4D47-4606-BDBC-8E712BA41108}.Release|Any CPU.ActiveCfg = Release|Any CPU
		{11E7C753-4D47-4606-BDBC-8E712BA41108}.Release|Any CPU.Build.0 = Release|Any CPU
	EndGlobalSection
	GlobalSection(SolutionProperties) = preSolution
		HideSolutionNode = FALSE
	EndGlobalSection
	GlobalSection(ExtensibilityGlobals) = postSolution
		SolutionGuid = {376CCF0D-AEAB-4DAC-BAAF-DA4333F8F8D7}
	EndGlobalSection
EndGlobal
